// !$*UTF8*$!
{
	archiveVersion = 1;
	classes = {
	};
	objectVersion = 55;
	objects = {

/* Begin PBXBuildFile section */
		2E6EFC5329A20A16006B4A51 /* ServiceCell.swift in Sources */ = {isa = PBXBuildFile; fileRef = 2E6EFC5229A20A16006B4A51 /* ServiceCell.swift */; };
		2E6EFC5529A225DC006B4A51 /* ServiceDetailsController.swift in Sources */ = {isa = PBXBuildFile; fileRef = 2E6EFC5429A225DC006B4A51 /* ServiceDetailsController.swift */; };
		2E8D548E29A2026000648759 /* AppDelegate.swift in Sources */ = {isa = PBXBuildFile; fileRef = 2E8D548D29A2026000648759 /* AppDelegate.swift */; };
		2E8D549029A2026000648759 /* SceneDelegate.swift in Sources */ = {isa = PBXBuildFile; fileRef = 2E8D548F29A2026000648759 /* SceneDelegate.swift */; };
		2E8D549229A2026000648759 /* ViewController.swift in Sources */ = {isa = PBXBuildFile; fileRef = 2E8D549129A2026000648759 /* ViewController.swift */; };
		2E8D549529A2026000648759 /* Main.storyboard in Resources */ = {isa = PBXBuildFile; fileRef = 2E8D549329A2026000648759 /* Main.storyboard */; };
		2E8D549729A2026000648759 /* Assets.xcassets in Resources */ = {isa = PBXBuildFile; fileRef = 2E8D549629A2026000648759 /* Assets.xcassets */; };
		2E8D549A29A2026000648759 /* LaunchScreen.storyboard in Resources */ = {isa = PBXBuildFile; fileRef = 2E8D549829A2026000648759 /* LaunchScreen.storyboard */; };
		2E8D54A229A2027100648759 /* Networking.swift in Sources */ = {isa = PBXBuildFile; fileRef = 2E8D54A129A2027100648759 /* Networking.swift */; };
		2E8D54A429A2027900648759 /* Models.swift in Sources */ = {isa = PBXBuildFile; fileRef = 2E8D54A329A2027900648759 /* Models.swift */; };
/* End PBXBuildFile section */

/* Begin PBXFileReference section */
		2E6EFC5229A20A16006B4A51 /* ServiceCell.swift */ = {isa = PBXFileReference; lastKnownFileType = sourcecode.swift; path = ServiceCell.swift; sourceTree = "<group>"; };
		2E6EFC5429A225DC006B4A51 /* ServiceDetailsController.swift */ = {isa = PBXFileReference; lastKnownFileType = sourcecode.swift; path = ServiceDetailsController.swift; sourceTree = "<group>"; };
		2E8D548A29A2026000648759 /* servicesProject.app */ = {isa = PBXFileReference; explicitFileType = wrapper.application; includeInIndex = 0; path = servicesProject.app; sourceTree = BUILT_PRODUCTS_DIR; };
		2E8D548D29A2026000648759 /* AppDelegate.swift */ = {isa = PBXFileReference; lastKnownFileType = sourcecode.swift; path = AppDelegate.swift; sourceTree = "<group>"; };
		2E8D548F29A2026000648759 /* SceneDelegate.swift */ = {isa = PBXFileReference; lastKnownFileType = sourcecode.swift; path = SceneDelegate.swift; sourceTree = "<group>"; };
		2E8D549129A2026000648759 /* ViewController.swift */ = {isa = PBXFileReference; lastKnownFileType = sourcecode.swift; path = ViewController.swift; sourceTree = "<group>"; };
		2E8D549429A2026000648759 /* Base */ = {isa = PBXFileReference; lastKnownFileType = file.storyboard; name = Base; path = Base.lproj/Main.storyboard; sourceTree = "<group>"; };
		2E8D549629A2026000648759 /* Assets.xcassets */ = {isa = PBXFileReference; lastKnownFileType = folder.assetcatalog; path = Assets.xcassets; sourceTree = "<group>"; };
		2E8D549929A2026000648759 /* Base */ = {isa = PBXFileReference; lastKnownFileType = file.storyboard; name = Base; path = Base.lproj/LaunchScreen.storyboard; sourceTree = "<group>"; };
		2E8D549B29A2026000648759 /* Info.plist */ = {isa = PBXFileReference; lastKnownFileType = text.plist.xml; path = Info.plist; sourceTree = "<group>"; };
		2E8D54A129A2027100648759 /* Networking.swift */ = {isa = PBXFileReference; lastKnownFileType = sourcecode.swift; path = Networking.swift; sourceTree = "<group>"; };
		2E8D54A329A2027900648759 /* Models.swift */ = {isa = PBXFileReference; lastKnownFileType = sourcecode.swift; path = Models.swift; sourceTree = "<group>"; };
/* End PBXFileReference section */

/* Begin PBXFrameworksBuildPhase section */
		2E8D548729A2026000648759 /* Frameworks */ = {
			isa = PBXFrameworksBuildPhase;
			buildActionMask = 2147483647;
			files = (
			);
			runOnlyForDeploymentPostprocessing = 0;
		};
/* End PBXFrameworksBuildPhase section */

/* Begin PBXGroup section */
		2E6EFC5129A209FB006B4A51 /* Views */ = {
			isa = PBXGroup;
			children = (
				2E6EFC5229A20A16006B4A51 /* ServiceCell.swift */,
			);
			path = Views;
			sourceTree = "<group>";
		};
		2E8D548129A2026000648759 = {
			isa = PBXGroup;
			children = (
				2E8D548C29A2026000648759 /* servicesProject */,
				2E8D548B29A2026000648759 /* Products */,
			);
			sourceTree = "<group>";
		};
		2E8D548B29A2026000648759 /* Products */ = {
			isa = PBXGroup;
			children = (
				2E8D548A29A2026000648759 /* servicesProject.app */,
			);
			name = Products;
			sourceTree = "<group>";
		};
		2E8D548C29A2026000648759 /* servicesProject */ = {
			isa = PBXGroup;
			children = (
				2E6EFC5129A209FB006B4A51 /* Views */,
				2E8D54A129A2027100648759 /* Networking.swift */,
				2E8D54A329A2027900648759 /* Models.swift */,
				2E8D548D29A2026000648759 /* AppDelegate.swift */,
				2E8D548F29A2026000648759 /* SceneDelegate.swift */,
				2E8D549129A2026000648759 /* ViewController.swift */,
				2E6EFC5429A225DC006B4A51 /* ServiceDetailsController.swift */,
				2E8D549329A2026000648759 /* Main.storyboard */,
				2E8D549629A2026000648759 /* Assets.xcassets */,
				2E8D549829A2026000648759 /* LaunchScreen.storyboard */,
				2E8D549B29A2026000648759 /* Info.plist */,
			);
			path = servicesProject;
			sourceTree = "<group>";
		};
/* End PBXGroup section */

/* Begin PBXNativeTarget section */
		2E8D548929A2026000648759 /* servicesProject */ = {
			isa = PBXNativeTarget;
			buildConfigurationList = 2E8D549E29A2026000648759 /* Build configuration list for PBXNativeTarget "servicesProject" */;
			buildPhases = (
				2E8D548629A2026000648759 /* Sources */,
				2E8D548729A2026000648759 /* Frameworks */,
				2E8D548829A2026000648759 /* Resources */,
			);
			buildRules = (
			);
			dependencies = (
			);
			name = servicesProject;
			productName = servicesProject;
			productReference = 2E8D548A29A2026000648759 /* servicesProject.app */;
			productType = "com.apple.product-type.application";
		};
/* End PBXNativeTarget section */

/* Begin PBXProject section */
		2E8D548229A2026000648759 /* Project object */ = {
			isa = PBXProject;
			attributes = {
				BuildIndependentTargetsInParallel = 1;
				LastSwiftUpdateCheck = 1340;
				LastUpgradeCheck = 1340;
				TargetAttributes = {
					2E8D548929A2026000648759 = {
						CreatedOnToolsVersion = 13.4.1;
					};
				};
			};
			buildConfigurationList = 2E8D548529A2026000648759 /* Build configuration list for PBXProject "servicesProject" */;
			compatibilityVersion = "Xcode 13.0";
			developmentRegion = en;
			hasScannedForEncodings = 0;
			knownRegions = (
				en,
				Base,
			);
			mainGroup = 2E8D548129A2026000648759;
			productRefGroup = 2E8D548B29A2026000648759 /* Products */;
			projectDirPath = "";
			projectRoot = "";
			targets = (
				2E8D548929A2026000648759 /* servicesProject */,
			);
		};
/* End PBXProject section */

/* Begin PBXResourcesBuildPhase section */
		2E8D548829A2026000648759 /* Resources */ = {
			isa = PBXResourcesBuildPhase;
			buildActionMask = 2147483647;
			files = (
				2E8D549A29A2026000648759 /* LaunchScreen.storyboard in Resources */,
				2E8D549729A2026000648759 /* Assets.xcassets in Resources */,
				2E8D549529A2026000648759 /* Main.storyboard in Resources */,
			);
			runOnlyForDeploymentPostprocessing = 0;
		};
/* End PBXResourcesBuildPhase section */

/* Begin PBXSourcesBuildPhase section */
		2E8D548629A2026000648759 /* Sources */ = {
			isa = PBXSourcesBuildPhase;
			buildActionMask = 2147483647;
			files = (
				2E8D549229A2026000648759 /* ViewController.swift in Sources */,
				2E8D548E29A2026000648759 /* AppDelegate.swift in Sources */,
				2E8D549029A2026000648759 /* SceneDelegate.swift in Sources */,
				2E6EFC5529A225DC006B4A51 /* ServiceDetailsController.swift in Sources */,
				2E6EFC5329A20A16006B4A51 /* ServiceCell.swift in Sources */,
				2E8D54A229A2027100648759 /* Networking.swift in Sources */,
				2E8D54A429A2027900648759 /* Models.swift in Sources */,
			);
			runOnlyForDeploymentPostprocessing = 0;
		};
/* End PBXSourcesBuildPhase section */

/* Begin PBXVariantGroup section */
		2E8D549329A2026000648759 /* Main.storyboard */ = {
			isa = PBXVariantGroup;
			children = (
				2E8D549429A2026000648759 /* Base */,
			);
			name = Main.storyboard;
			sourceTree = "<group>";
		};
		2E8D549829A2026000648759 /* LaunchScreen.storyboard */ = {
			isa = PBXVariantGroup;
			children = (
				2E8D549929A2026000648759 /* Base */,
			);
			name = LaunchScreen.storyboard;
			sourceTree = "<group>";
		};
/* End PBXVariantGroup section */

/* Begin XCBuildConfiguration section */
		2E8D549C29A2026000648759 /* Debug */ = {
			isa = XCBuildConfiguration;
			buildSettings = {
				ALWAYS_SEARCH_USER_PATHS = NO;
				CLANG_ANALYZER_NONNULL = YES;
				CLANG_ANALYZER_NUMBER_OBJECT_CONVERSION = YES_AGGRESSIVE;
				CLANG_CXX_LANGUAGE_STANDARD = "gnu++17";
				CLANG_ENABLE_MODULES = YES;
				CLANG_ENABLE_OBJC_ARC = YES;
				CLANG_ENABLE_OBJC_WEAK = YES;
				CLANG_WARN_BLOCK_CAPTURE_AUTORELEASING = YES;
				CLANG_WARN_BOOL_CONVERSION = YES;
				CLANG_WARN_COMMA = YES;
				CLANG_WARN_CONSTANT_CONVERSION = YES;
				CLANG_WARN_DEPRECATED_OBJC_IMPLEMENTATIONS = YES;
				CLANG_WARN_DIRECT_OBJC_ISA_USAGE = YES_ERROR;
				CLANG_WARN_DOCUMENTATION_COMMENTS = YES;
				CLANG_WARN_EMPTY_BODY = YES;
				CLANG_WARN_ENUM_CONVERSION = YES;
				CLANG_WARN_INFINITE_RECURSION = YES;
				CLANG_WARN_INT_CONVERSION = YES;
				CLANG_WARN_NON_LITERAL_NULL_CONVERSION = YES;
				CLANG_WARN_OBJC_IMPLICIT_RETAIN_SELF = YES;
				CLANG_WARN_OBJC_LITERAL_CONVERSION = YES;
				CLANG_WARN_OBJC_ROOT_CLASS = YES_ERROR;
				CLANG_WARN_QUOTED_INCLUDE_IN_FRAMEWORK_HEADER = YES;
				CLANG_WARN_RANGE_LOOP_ANALYSIS = YES;
				CLANG_WARN_STRICT_PROTOTYPES = YES;
				CLANG_WARN_SUSPICIOUS_MOVE = YES;
				CLANG_WARN_UNGUARDED_AVAILABILITY = YES_AGGRESSIVE;
				CLANG_WARN_UNREACHABLE_CODE = YES;
				CLANG_WARN__DUPLICATE_METHOD_MATCH = YES;
				COPY_PHASE_STRIP = NO;
				DEBUG_INFORMATION_FORMAT = dwarf;
				ENABLE_STRICT_OBJC_MSGSEND = YES;
				ENABLE_TESTABILITY = YES;
				GCC_C_LANGUAGE_STANDARD = gnu11;
				GCC_DYNAMIC_NO_PIC = NO;
				GCC_NO_COMMON_BLOCKS = YES;
				GCC_OPTIMIZATION_LEVEL = 0;
				GCC_PREPROCESSOR_DEFINITIONS = (
					"DEBUG=1",
					"$(inherited)",
				);
				GCC_WARN_64_TO_32_BIT_CONVERSION = YES;
				GCC_WARN_ABOUT_RETURN_TYPE = YES_ERROR;
				GCC_WARN_UNDECLARED_SELECTOR = YES;
				GCC_WARN_UNINITIALIZED_AUTOS = YES_AGGRESSIVE;
				GCC_WARN_UNUSED_FUNCTION = YES;
				GCC_WARN_UNUSED_VARIABLE = YES;
				IPHONEOS_DEPLOYMENT_TARGET = 15.5;
				MTL_ENABLE_DEBUG_INFO = INCLUDE_SOURCE;
				MTL_FAST_MATH = YES;
				ONLY_ACTIVE_ARCH = YES;
				SDKROOT = iphoneos;
				SWIFT_ACTIVE_COMPILATION_CONDITIONS = DEBUG;
				SWIFT_OPTIMIZATION_LEVEL = "-Onone";
			};
			name = Debug;
		};
		2E8D549D29A2026000648759 /* Release */ = {
			isa = XCBuildConfiguration;
			buildSettings = {
				ALWAYS_SEARCH_USER_PATHS = NO;
				CLANG_ANALYZER_NONNULL = YES;
				CLANG_ANALYZER_NUMBER_OBJECT_CONVERSION = YES_AGGRESSIVE;
				CLANG_CXX_LANGUAGE_STANDARD = "gnu++17";
				CLANG_ENABLE_MODULES = YES;
				CLANG_ENABLE_OBJC_ARC = YES;
				CLANG_ENABLE_OBJC_WEAK = YES;
				CLANG_WARN_BLOCK_CAPTURE_AUTORELEASING = YES;
				CLANG_WARN_BOOL_CONVERSION = YES;
				CLANG_WARN_COMMA = YES;
				CLANG_WARN_CONSTANT_CONVERSION = YES;
				CLANG_WARN_DEPRECATED_OBJC_IMPLEMENTATIONS = YES;
				CLANG_WARN_DIRECT_OBJC_ISA_USAGE = YES_ERROR;
				CLANG_WARN_DOCUMENTATION_COMMENTS = YES;
				CLANG_WARN_EMPTY_BODY = YES;
				CLANG_WARN_ENUM_CONVERSION = YES;
				CLANG_WARN_INFINITE_RECURSION = YES;
				CLANG_WARN_INT_CONVERSION = YES;
				CLANG_WARN_NON_LITERAL_NULL_CONVERSION = YES;
				CLANG_WARN_OBJC_IMPLICIT_RETAIN_SELF = YES;
				CLANG_WARN_OBJC_LITERAL_CONVERSION = YES;
				CLANG_WARN_OBJC_ROOT_CLASS = YES_ERROR;
				CLANG_WARN_QUOTED_INCLUDE_IN_FRAMEWORK_HEADER = YES;
				CLANG_WARN_RANGE_LOOP_ANALYSIS = YES;
				CLANG_WARN_STRICT_PROTOTYPES = YES;
				CLANG_WARN_SUSPICIOUS_MOVE = YES;
				CLANG_WARN_UNGUARDED_AVAILABILITY = YES_AGGRESSIVE;
				CLANG_WARN_UNREACHABLE_CODE = YES;
				CLANG_WARN__DUPLICATE_METHOD_MATCH = YES;
				COPY_PHASE_STRIP = NO;
				DEBUG_INFORMATION_FORMAT = "dwarf-with-dsym";
				ENABLE_NS_ASSERTIONS = NO;
				ENABLE_STRICT_OBJC_MSGSEND = YES;
				GCC_C_LANGUAGE_STANDARD = gnu11;
				GCC_NO_COMMON_BLOCKS = YES;
				GCC_WARN_64_TO_32_BIT_CONVERSION = YES;
				GCC_WARN_ABOUT_RETURN_TYPE = YES_ERROR;
				GCC_WARN_UNDECLARED_SELECTOR = YES;
				GCC_WARN_UNINITIALIZED_AUTOS = YES_AGGRESSIVE;
				GCC_WARN_UNUSED_FUNCTION = YES;
				GCC_WARN_UNUSED_VARIABLE = YES;
				IPHONEOS_DEPLOYMENT_TARGET = 15.5;
				MTL_ENABLE_DEBUG_INFO = NO;
				MTL_FAST_MATH = YES;
				SDKROOT = iphoneos;
				SWIFT_COMPILATION_MODE = wholemodule;
				SWIFT_OPTIMIZATION_LEVEL = "-O";
				VALIDATE_PRODUCT = YES;
			};
			name = Release;
		};
		2E8D549F29A2026000648759 /* Debug */ = {
			isa = XCBuildConfiguration;
			buildSettings = {
				ASSETCATALOG_COMPILER_APPICON_NAME = AppIcon;
				ASSETCATALOG_COMPILER_GLOBAL_ACCENT_COLOR_NAME = AccentColor;
				CODE_SIGN_STYLE = Automatic;
				CURRENT_PROJECT_VERSION = 1;
				GENERATE_INFOPLIST_FILE = YES;
				INFOPLIST_FILE = servicesProject/Info.plist;
				INFOPLIST_KEY_UIApplicationSupportsIndirectInputEvents = YES;
				INFOPLIST_KEY_UILaunchStoryboardName = LaunchScreen;
				INFOPLIST_KEY_UIMainStoryboardFile = Main;
				INFOPLIST_KEY_UISupportedInterfaceOrientations_iPad = "UIInterfaceOrientationPortrait UIInterfaceOrientationPortraitUpsideDown UIInterfaceOrientationLandscapeLeft UIInterfaceOrientationLandscapeRight";
				INFOPLIST_KEY_UISupportedInterfaceOrientations_iPhone = "UIInterfaceOrientationPortrait UIInterfaceOrientationLandscapeLeft UIInterfaceOrientationLandscapeRight";
				LD_RUNPATH_SEARCH_PATHS = (
					"$(inherited)",
					"@executable_path/Frameworks",
				);
				MARKETING_VERSION = 1.0;
				PRODUCT_BUNDLE_IDENTIFIER = com.servicesProject;
				PRODUCT_NAME = "$(TARGET_NAME)";
				SWIFT_EMIT_LOC_STRINGS = YES;
				SWIFT_VERSION = 5.0;
				TARGETED_DEVICE_FAMILY = "1,2";
			};
			name = Debug;
		};
		2E8D54A029A2026000648759 /* Release */ = {
			isa = XCBuildConfiguration;
			buildSettings = {
				ASSETCATALOG_COMPILER_APPICON_NAME = AppIcon;
				ASSETCATALOG_COMPILER_GLOBAL_ACCENT_COLOR_NAME = AccentColor;
				CODE_SIGN_STYLE = Automatic;
				CURRENT_PROJECT_VERSION = 1;
				GENERATE_INFOPLIST_FILE = YES;
				INFOPLIST_FILE = servicesProject/Info.plist;
				INFOPLIST_KEY_UIApplicationSupportsIndirectInputEvents = YES;
				INFOPLIST_KEY_UILaunchStoryboardName = LaunchScreen;
				INFOPLIST_KEY_UIMainStoryboardFile = Main;
				INFOPLIST_KEY_UISupportedInterfaceOrientations_iPad = "UIInterfaceOrientationPortrait UIInterfaceOrientationPortraitUpsideDown UIInterfaceOrientationLandscapeLeft UIInterfaceOrientationLandscapeRight";
				INFOPLIST_KEY_UISupportedInterfaceOrientations_iPhone = "UIInterfaceOrientationPortrait UIInterfaceOrientationLandscapeLeft UIInterfaceOrientationLandscapeRight";
				LD_RUNPATH_SEARCH_PATHS = (
					"$(inherited)",
					"@executable_path/Frameworks",
				);
				MARKETING_VERSION = 1.0;
				PRODUCT_BUNDLE_IDENTIFIER = com.servicesProject;
				PRODUCT_NAME = "$(TARGET_NAME)";
				SWIFT_EMIT_LOC_STRINGS = YES;
				SWIFT_VERSION = 5.0;
				TARGETED_DEVICE_FAMILY = "1,2";
			};
			name = Release;
		};
/* End XCBuildConfiguration section */

/* Begin XCConfigurationList section */
		2E8D548529A2026000648759 /* Build configuration list for PBXProject "servicesProject" */ = {
			isa = XCConfigurationList;
			buildConfigurations = (
				2E8D549C29A2026000648759 /* Debug */,
				2E8D549D29A2026000648759 /* Release */,
			);
			defaultConfigurationIsVisible = 0;
			defaultConfigurationName = Release;
		};
		2E8D549E29A2026000648759 /* Build configuration list for PBXNativeTarget "servicesProject" */ = {
			isa = XCConfigurationList;
			buildConfigurations = (
				2E8D549F29A2026000648759 /* Debug */,
				2E8D54A029A2026000648759 /* Release */,
			);
			defaultConfigurationIsVisible = 0;
			defaultConfigurationName = Release;
		};
/* End XCConfigurationList section */
	};
	rootObject = 2E8D548229A2026000648759 /* Project object */;
}
